
Microsoft Visual Studio Solution File, Format Version 12.00
# Visual Studio Version 17
VisualStudioVersion = 17.14.37411.7 d17.14
MinimumVisualStudioVersion = 10.0.40219.1
Project("{FAE04EC0-301F-11D3-BF4B-00C04F79EFBC}") = "Web3_Afternoon", "Web3_Afternoon\Web3_Afternoon.csproj", "{744B2153-F505-4B8D-882A-4584B0949632}"
EndProject
Global
	GlobalSection(SolutionConfigurationPlatforms) = preSolution
		Debug|Any CPU = Debug|Any CPU
		Release|Any CPU = Release|Any CPU
	EndGlobalSection
	GlobalSection(ProjectConfigurationPlatforms) = postSolution
		{744B2153-F505-4B8D-882A-4584B0949632}.Debug|Any CPU.ActiveCfg = Debug|Any CPU
		{744B2153-F505-4B8D-882A-4584B0949632}.Debug|Any CPU.Build.0 = Debug|Any CPU
		{744B2153-F505-4B8D-882A-4584B0949632}.Release|Any CPU.ActiveCfg = Release|Any CPU
		{744B2153-F505-4B8D-882A-4584B0949632}.Release|Any CPU.Build.0 = Release|Any CPU
	EndGlobalSection
	GlobalSection(SolutionProperties) = preSolution
		HideSolutionNode = FALSE
	EndGlobalSection
	GlobalSection(ExtensibilityGlobals) = postSolution
		SolutionGuid = {47F04A1B-18C3-4EF3-8122-31E1EADD94A5}
	EndGlobalSection
EndGlobal
